
Microsoft Visual Studio Solution File, Format Version 12.00
# Visual Studio Version 17
VisualStudioVersion = 17.8.34408.163
MinimumVisualStudioVersion = 10.0.40219.1
Project("{9A19103F-16F7-4668-BE54-9A1E7A4F7556}") = "DreamTeamAPI", "DreamTimeAPI\DreamTeamAPI.csproj", "{FFB61DA0-65D4-406D-9839-60151BCA9A21}"
EndProject
Project("{9A19103F-16F7-4668-BE54-9A1E7A4F7556}") = "DreamTeam.UnitTests", "DreamTeam.UnitTests\DreamTeam.UnitTests.csproj", "{75545328-FB29-4562-A5F8-0DDBA33B4616}"
EndProject
Global
	GlobalSection(SolutionConfigurationPlatforms) = preSolution
		Debug|Any CPU = Debug|Any CPU
		Release|Any CPU = Release|Any CPU
	EndGlobalSection
	GlobalSection(ProjectConfigurationPlatforms) = postSolution
		{FFB61DA0-65D4-406D-9839-60151BCA9A21}.Debug|Any CPU.ActiveCfg = Debug|Any CPU
		{FFB61DA0-65D4-406D-9839-60151BCA9A21}.Debug|Any CPU.Build.0 = Debug|Any CPU
		{FFB61DA0-65D4-406D-9839-60151BCA9A21}.Release|Any CPU.ActiveCfg = Release|Any CPU
		{FFB61DA0-65D4-406D-9839-60151BCA9A21}.Release|Any CPU.Build.0 = Release|Any CPU
		{75545328-FB29-4562-A5F8-0DDBA33B4616}.Debug|Any CPU.ActiveCfg = Debug|Any CPU
		{75545328-FB29-4562-A5F8-0DDBA33B4616}.Debug|Any CPU.Build.0 = Debug|Any CPU
		{75545328-FB29-4562-A5F8-0DDBA33B4616}.Release|Any CPU.ActiveCfg = Release|Any CPU
		{75545328-FB29-4562-A5F8-0DDBA33B4616}.Release|Any CPU.Build.0 = Release|Any CPU
	EndGlobalSection
	GlobalSection(SolutionProperties) = preSolution
		HideSolutionNode = FALSE
	EndGlobalSection
	GlobalSection(ExtensibilityGlobals) = postSolution
		SolutionGuid = {13153B18-EA1E-43D9-AD88-2DACDBA1F41A}
	EndGlobalSection
EndGlobal
