
Microsoft Visual Studio Solution File, Format Version 12.00
# Visual Studio Version 17
VisualStudioVersion = 17.8.34408.163
MinimumVisualStudioVersion = 10.0.40219.1
Project("{9A19103F-16F7-4668-BE54-9A1E7A4F7556}") = "DreamTeamAPI", "DreamTimeAPI\DreamTeamAPI.csproj", "{FFB61DA0-65D4-406D-9839-60151BCA9A21}"
EndProject
Project("{9A19103F-16F7-4668-BE54-9A1E7A4F7556}") = "DreamTeam.UnitTests", "DreamTeam.UnitTests\DreamTeam.UnitTests.csproj", "{75545328-FB29-4562-A5F8-0DDBA33B4616}"
EndProject
Project("{9A19103F-16F7-4668-BE54-9A1E7A4F7556}") = "DreamTeam.IntegrationTests", "DreamTeam.IntegrationTests\DreamTeam.IntegrationTests.csproj", "{08654E48-4459-4A76-BCDE-1B299B373608}"
EndProject
Project("{9A19103F-16F7-4668-BE54-9A1E7A4F7556}") = "DreamTeam.E2ETests", "DreamTeam.E2ETests\DreamTeam.E2ETests.csproj", "{E38DCFCE-A4DB-4211-AA50-697B410545C2}"
EndProject
Project("{FAE04EC0-301F-11D3-BF4B-00C04F79EFBC}") = "DreamTeam.IntegrationTestXUnit", "DreamTeam.IntegrationTestXUnit\DreamTeam.IntegrationTestXUnit.csproj", "{54897FED-0221-4ADD-815A-C950C0FB9435}"
EndProject
Global
	GlobalSection(SolutionConfigurationPlatforms) = preSolution
		Debug|Any CPU = Debug|Any CPU
		Release|Any CPU = Release|Any CPU
	EndGlobalSection
	GlobalSection(ProjectConfigurationPlatforms) = postSolution
		{FFB61DA0-65D4-406D-9839-60151BCA9A21}.Debug|Any CPU.ActiveCfg = Debug|Any CPU
		{FFB61DA0-65D4-406D-9839-60151BCA9A21}.Debug|Any CPU.Build.0 = Debug|Any CPU
		{FFB61DA0-65D4-406D-9839-60151BCA9A21}.Release|Any CPU.ActiveCfg = Release|Any CPU
		{FFB61DA0-65D4-406D-9839-60151BCA9A21}.Release|Any CPU.Build.0 = Release|Any CPU
		{75545328-FB29-4562-A5F8-0DDBA33B4616}.Debug|Any CPU.ActiveCfg = Debug|Any CPU
		{75545328-FB29-4562-A5F8-0DDBA33B4616}.Debug|Any CPU.Build.0 = Debug|Any CPU
		{75545328-FB29-4562-A5F8-0DDBA33B4616}.Release|Any CPU.ActiveCfg = Release|Any CPU
		{75545328-FB29-4562-A5F8-0DDBA33B4616}.Release|Any CPU.Build.0 = Release|Any CPU
		{08654E48-4459-4A76-BCDE-1B299B373608}.Debug|Any CPU.ActiveCfg = Debug|Any CPU
		{08654E48-4459-4A76-BCDE-1B299B373608}.Debug|Any CPU.Build.0 = Debug|Any CPU
		{08654E48-4459-4A76-BCDE-1B299B373608}.Release|Any CPU.ActiveCfg = Release|Any CPU
		{08654E48-4459-4A76-BCDE-1B299B373608}.Release|Any CPU.Build.0 = Release|Any CPU
		{E38DCFCE-A4DB-4211-AA50-697B410545C2}.Debug|Any CPU.ActiveCfg = Debug|Any CPU
		{E38DCFCE-A4DB-4211-AA50-697B410545C2}.Debug|Any CPU.Build.0 = Debug|Any CPU
		{E38DCFCE-A4DB-4211-AA50-697B410545C2}.Release|Any CPU.ActiveCfg = Release|Any CPU
		{E38DCFCE-A4DB-4211-AA50-697B410545C2}.Release|Any CPU.Build.0 = Release|Any CPU
		{54897FED-0221-4ADD-815A-C950C0FB9435}.Debug|Any CPU.ActiveCfg = Debug|Any CPU
		{54897FED-0221-4ADD-815A-C950C0FB9435}.Debug|Any CPU.Build.0 = Debug|Any CPU
		{54897FED-0221-4ADD-815A-C950C0FB9435}.Release|Any CPU.ActiveCfg = Release|Any CPU
		{54897FED-0221-4ADD-815A-C950C0FB9435}.Release|Any CPU.Build.0 = Release|Any CPU
	EndGlobalSection
	GlobalSection(SolutionProperties) = preSolution
		HideSolutionNode = FALSE
	EndGlobalSection
	GlobalSection(ExtensibilityGlobals) = postSolution
		SolutionGuid = {13153B18-EA1E-43D9-AD88-2DACDBA1F41A}
	EndGlobalSection
EndGlobal
